
Microsoft Visual Studio Solution File, Format Version 12.00
# Visual Studio Version 17
VisualStudioVersion = 17.4.33122.133
MinimumVisualStudioVersion = 10.0.40219.1
Project("{2150E333-8FDC-42A3-9474-1A3956D46DE8}") = "Basics", "Basics", "{C230800D-5934-4287-B5B7-D0FFF9B684BE}"
EndProject
Project("{2150E333-8FDC-42A3-9474-1A3956D46DE8}") = "ClientCredentialsViaConsole", "ClientCredentialsViaConsole", "{C18C27CB-3C71-41B6-B5B6-3F1019613FEF}"
EndProject
Project("{9A19103F-16F7-4668-BE54-9A1E7A4F7556}") = "Basics.CC.Api", "Basics.CC.Api\Basics.CC.Api.csproj", "{DE4D5B4E-A83F-49AB-98CE-7DED1341CB2F}"
EndProject
Project("{9A19103F-16F7-4668-BE54-9A1E7A4F7556}") = "Basics.CC.Idp", "Basics.CC.Idp\Basics.CC.Idp.csproj", "{295BB0E2-3134-4521-B355-DDD61462DAEA}"
EndProject
Project("{9A19103F-16F7-4668-BE54-9A1E7A4F7556}") = "Basics.CC.Client", "Basics.CC.Client\Basics.CC.Client.csproj", "{C0719F9A-58AC-4F17-B8CE-9D5C11810365}"
EndProject
Project("{2150E333-8FDC-42A3-9474-1A3956D46DE8}") = "InteractiveWithoutApiAccess", "InteractiveWithoutApiAccess", "{9A7F3822-EADC-42E2-9909-12378F01DF1E}"
EndProject
Project("{9A19103F-16F7-4668-BE54-9A1E7A4F7556}") = "Basics.Intr.Client", "Basics.Intr.Client\Basics.Intr.Client.csproj", "{3B8DB209-E5F6-4ABE-AD63-2FE6E56394C7}"
EndProject
Project("{9A19103F-16F7-4668-BE54-9A1E7A4F7556}") = "Basics.Intr.Idp", "Basics.Intr.Idp\Basics.Intr.Idp.csproj", "{BBC26A4D-D929-48C5-903E-E5C9B076EF85}"
EndProject
Project("{2150E333-8FDC-42A3-9474-1A3956D46DE8}") = "InteractiveWithApiAccess", "InteractiveWithApiAccess", "{B9FAA597-FE1A-4D63-A1E5-20C47C473CD9}"
EndProject
Project("{9A19103F-16F7-4668-BE54-9A1E7A4F7556}") = "Basics.IntrApi.IDP", "Basics.IntrApi.IDP\Basics.IntrApi.IDP.csproj", "{5EDCEC60-0A93-4EA6-944B-4772CADD6DF7}"
EndProject
Project("{9A19103F-16F7-4668-BE54-9A1E7A4F7556}") = "Basics.IntrApi.Client", "Basics.IntrApi.Client\Basics.IntrApi.Client.csproj", "{91C85A66-C962-4F07-9276-29006F33A6AC}"
EndProject
Project("{9A19103F-16F7-4668-BE54-9A1E7A4F7556}") = "Basics.IntrApi.API", "Basics.IntrApi.API\Basics.IntrApi.API.csproj", "{7456AFEC-C773-48D7-B960-8459C27B9F21}"
EndProject
Project("{FAE04EC0-301F-11D3-BF4B-00C04F79EFBC}") = "Basics.IntrApi.Client.AutoRefresh", "Basics.IntrApi.Client.AutoRefresh\Basics.IntrApi.Client.AutoRefresh.csproj", "{257A8BB2-2B2F-466F-88DB-7FBB9791D6D6}"
EndProject
Global
	GlobalSection(SolutionConfigurationPlatforms) = preSolution
		Debug|Any CPU = Debug|Any CPU
		Release|Any CPU = Release|Any CPU
	EndGlobalSection
	GlobalSection(ProjectConfigurationPlatforms) = postSolution
		{DE4D5B4E-A83F-49AB-98CE-7DED1341CB2F}.Debug|Any CPU.ActiveCfg = Debug|Any CPU
		{DE4D5B4E-A83F-49AB-98CE-7DED1341CB2F}.Debug|Any CPU.Build.0 = Debug|Any CPU
		{DE4D5B4E-A83F-49AB-98CE-7DED1341CB2F}.Release|Any CPU.ActiveCfg = Release|Any CPU
		{DE4D5B4E-A83F-49AB-98CE-7DED1341CB2F}.Release|Any CPU.Build.0 = Release|Any CPU
		{295BB0E2-3134-4521-B355-DDD61462DAEA}.Debug|Any CPU.ActiveCfg = Debug|Any CPU
		{295BB0E2-3134-4521-B355-DDD61462DAEA}.Debug|Any CPU.Build.0 = Debug|Any CPU
		{295BB0E2-3134-4521-B355-DDD61462DAEA}.Release|Any CPU.ActiveCfg = Release|Any CPU
		{295BB0E2-3134-4521-B355-DDD61462DAEA}.Release|Any CPU.Build.0 = Release|Any CPU
		{C0719F9A-58AC-4F17-B8CE-9D5C11810365}.Debug|Any CPU.ActiveCfg = Debug|Any CPU
		{C0719F9A-58AC-4F17-B8CE-9D5C11810365}.Debug|Any CPU.Build.0 = Debug|Any CPU
		{C0719F9A-58AC-4F17-B8CE-9D5C11810365}.Release|Any CPU.ActiveCfg = Release|Any CPU
		{C0719F9A-58AC-4F17-B8CE-9D5C11810365}.Release|Any CPU.Build.0 = Release|Any CPU
		{3B8DB209-E5F6-4ABE-AD63-2FE6E56394C7}.Debug|Any CPU.ActiveCfg = Debug|Any CPU
		{3B8DB209-E5F6-4ABE-AD63-2FE6E56394C7}.Debug|Any CPU.Build.0 = Debug|Any CPU
		{3B8DB209-E5F6-4ABE-AD63-2FE6E56394C7}.Release|Any CPU.ActiveCfg = Release|Any CPU
		{3B8DB209-E5F6-4ABE-AD63-2FE6E56394C7}.Release|Any CPU.Build.0 = Release|Any CPU
		{BBC26A4D-D929-48C5-903E-E5C9B076EF85}.Debug|Any CPU.ActiveCfg = Debug|Any CPU
		{BBC26A4D-D929-48C5-903E-E5C9B076EF85}.Debug|Any CPU.Build.0 = Debug|Any CPU
		{BBC26A4D-D929-48C5-903E-E5C9B076EF85}.Release|Any CPU.ActiveCfg = Release|Any CPU
		{BBC26A4D-D929-48C5-903E-E5C9B076EF85}.Release|Any CPU.Build.0 = Release|Any CPU
		{5EDCEC60-0A93-4EA6-944B-4772CADD6DF7}.Debug|Any CPU.ActiveCfg = Debug|Any CPU
		{5EDCEC60-0A93-4EA6-944B-4772CADD6DF7}.Debug|Any CPU.Build.0 = Debug|Any CPU
		{5EDCEC60-0A93-4EA6-944B-4772CADD6DF7}.Release|Any CPU.ActiveCfg = Release|Any CPU
		{5EDCEC60-0A93-4EA6-944B-4772CADD6DF7}.Release|Any CPU.Build.0 = Release|Any CPU
		{91C85A66-C962-4F07-9276-29006F33A6AC}.Debug|Any CPU.ActiveCfg = Debug|Any CPU
		{91C85A66-C962-4F07-9276-29006F33A6AC}.Debug|Any CPU.Build.0 = Debug|Any CPU
		{91C85A66-C962-4F07-9276-29006F33A6AC}.Release|Any CPU.ActiveCfg = Release|Any CPU
		{91C85A66-C962-4F07-9276-29006F33A6AC}.Release|Any CPU.Build.0 = Release|Any CPU
		{7456AFEC-C773-48D7-B960-8459C27B9F21}.Debug|Any CPU.ActiveCfg = Debug|Any CPU
		{7456AFEC-C773-48D7-B960-8459C27B9F21}.Debug|Any CPU.Build.0 = Debug|Any CPU
		{7456AFEC-C773-48D7-B960-8459C27B9F21}.Release|Any CPU.ActiveCfg = Release|Any CPU
		{7456AFEC-C773-48D7-B960-8459C27B9F21}.Release|Any CPU.Build.0 = Release|Any CPU
		{257A8BB2-2B2F-466F-88DB-7FBB9791D6D6}.Debug|Any CPU.ActiveCfg = Debug|Any CPU
		{257A8BB2-2B2F-466F-88DB-7FBB9791D6D6}.Debug|Any CPU.Build.0 = Debug|Any CPU
		{257A8BB2-2B2F-466F-88DB-7FBB9791D6D6}.Release|Any CPU.ActiveCfg = Release|Any CPU
		{257A8BB2-2B2F-466F-88DB-7FBB9791D6D6}.Release|Any CPU.Build.0 = Release|Any CPU
	EndGlobalSection
	GlobalSection(SolutionProperties) = preSolution
		HideSolutionNode = FALSE
	EndGlobalSection
	GlobalSection(NestedProjects) = preSolution
		{C18C27CB-3C71-41B6-B5B6-3F1019613FEF} = {C230800D-5934-4287-B5B7-D0FFF9B684BE}
		{DE4D5B4E-A83F-49AB-98CE-7DED1341CB2F} = {C18C27CB-3C71-41B6-B5B6-3F1019613FEF}
		{295BB0E2-3134-4521-B355-DDD61462DAEA} = {C18C27CB-3C71-41B6-B5B6-3F1019613FEF}
		{C0719F9A-58AC-4F17-B8CE-9D5C11810365} = {C18C27CB-3C71-41B6-B5B6-3F1019613FEF}
		{9A7F3822-EADC-42E2-9909-12378F01DF1E} = {C230800D-5934-4287-B5B7-D0FFF9B684BE}
		{3B8DB209-E5F6-4ABE-AD63-2FE6E56394C7} = {9A7F3822-EADC-42E2-9909-12378F01DF1E}
		{BBC26A4D-D929-48C5-903E-E5C9B076EF85} = {9A7F3822-EADC-42E2-9909-12378F01DF1E}
		{B9FAA597-FE1A-4D63-A1E5-20C47C473CD9} = {C230800D-5934-4287-B5B7-D0FFF9B684BE}
		{5EDCEC60-0A93-4EA6-944B-4772CADD6DF7} = {B9FAA597-FE1A-4D63-A1E5-20C47C473CD9}
		{91C85A66-C962-4F07-9276-29006F33A6AC} = {B9FAA597-FE1A-4D63-A1E5-20C47C473CD9}
		{7456AFEC-C773-48D7-B960-8459C27B9F21} = {B9FAA597-FE1A-4D63-A1E5-20C47C473CD9}
		{257A8BB2-2B2F-466F-88DB-7FBB9791D6D6} = {B9FAA597-FE1A-4D63-A1E5-20C47C473CD9}
	EndGlobalSection
	GlobalSection(ExtensibilityGlobals) = postSolution
		SolutionGuid = {0F1B9739-21F8-4D66-ABBF-B8AEA798E03D}
	EndGlobalSection
EndGlobal
